<?xml version="1.0" encoding="utf-8"?>
<Project ToolsVersion="4.0" xmlns="http://schemas.microsoft.com/developer/msbuild/2003">
  <ItemGroup>
    <Filter Include="Файлы ресурсов">
      <UniqueIdentifier>{67DA6AB6-F800-4c08-8B7A-83BB121AAD01}</UniqueIdentifier>
      <Extensions>rc;ico;cur;bmp;dlg;rc2;rct;bin;rgs;gif;jpg;jpeg;jpe;resx;tiff;tif;png;wav;mfcribbon-ms</Extensions>
    </Filter>
  </ItemGroup>
  <ItemGroup>
    <ClInclude Include="XPDefs.hpp" />
    <ClInclude Include="XPMainWindow.hpp" />
    <ClInclude Include="resource.h" />
    <ClInclude Include="XPTrackBar.hpp" />
    <ClInclude Include="XPTextBar.hpp" />
    <ClInclude Include="XPSkillSelector.hpp" />
    <ClInclude Include="XPSkillIcon.hpp" />
    <ClInclude Include="XPPropsContent.hpp" />
    <ClInclude Include="XPCreator.hpp" />
  </ItemGroup>
  <ItemGroup>
    <ClCompile Include="XPMainWindow.cpp" />
    <ClCompile Include="XPApp.cpp" />
    <ClCompile Include="XPSkillIcon.cpp" />
    <ClCompile Include="XPPropsContent.cpp" />
    <ClCompile Include="SkillProps\JumpPower.cpp" />
    <ClCompile Include="XPCreator.cpp" />
    <ClCompile Include="XPDefs.cpp" />
    <ClCompile Include="SkillProps\MoveSpeedPower.cpp" />
    <ClCompile Include="SkillProps\HealthRegen.cpp" />
    <ClCompile Include="SkillProps\StaminaRegen.cpp" />
    <ClCompile Include="SkillProps\PsyHealthRegen.cpp" />
    <ClCompile Include="SkillProps\TasksRewards.cpp" />
    <ClCompile Include="SkillProps\TearEnemy.cpp" />
  </ItemGroup>
  <ItemGroup>
    <ResourceCompile Include="Core.rc">
      <Filter>Файлы ресурсов</Filter>
    </ResourceCompile>
  </ItemGroup>
  <ItemGroup>
    <Image Include="xp_icon.ico">
      <Filter>Файлы ресурсов</Filter>
    </Image>
  </ItemGroup>
</Project>